
Microsoft Visual Studio Solution File, Format Version 12.00
# Visual Studio Version 16
VisualStudioVersion = 16.0.31229.75
MinimumVisualStudioVersion = 10.0.40219.1
Project("{FAE04EC0-301F-11D3-BF4B-00C04F79EFBC}") = "Exercise10", "Exercise10.csproj", "{45EDBDBA-123B-4ECF-A5A6-16D89434DF00}"
EndProject
Project("{FAE04EC0-301F-11D3-BF4B-00C04F79EFBC}") = "Exercise10.Tests", "..\Exercise10.Tests\Exercise10.Tests.csproj", "{FECD0FD8-343D-472F-AA4D-72D20DE56633}"
EndProject
Global
	GlobalSection(SolutionConfigurationPlatforms) = preSolution
		Debug|Any CPU = Debug|Any CPU
		Release|Any CPU = Release|Any CPU
	EndGlobalSection
	GlobalSection(ProjectConfigurationPlatforms) = postSolution
		{45EDBDBA-123B-4ECF-A5A6-16D89434DF00}.Debug|Any CPU.ActiveCfg = Debug|Any CPU
		{45EDBDBA-123B-4ECF-A5A6-16D89434DF00}.Debug|Any CPU.Build.0 = Debug|Any CPU
		{45EDBDBA-123B-4ECF-A5A6-16D89434DF00}.Release|Any CPU.ActiveCfg = Release|Any CPU
		{45EDBDBA-123B-4ECF-A5A6-16D89434DF00}.Release|Any CPU.Build.0 = Release|Any CPU
		{FECD0FD8-343D-472F-AA4D-72D20DE56633}.Debug|Any CPU.ActiveCfg = Debug|Any CPU
		{FECD0FD8-343D-472F-AA4D-72D20DE56633}.Debug|Any CPU.Build.0 = Debug|Any CPU
		{FECD0FD8-343D-472F-AA4D-72D20DE56633}.Release|Any CPU.ActiveCfg = Release|Any CPU
		{FECD0FD8-343D-472F-AA4D-72D20DE56633}.Release|Any CPU.Build.0 = Release|Any CPU
	EndGlobalSection
	GlobalSection(SolutionProperties) = preSolution
		HideSolutionNode = FALSE
	EndGlobalSection
	GlobalSection(ExtensibilityGlobals) = postSolution
		SolutionGuid = {3BC7AF7A-E31B-4369-82D7-70064F30A6F3}
	EndGlobalSection
EndGlobal
