
Microsoft Visual Studio Solution File, Format Version 12.00
# Visual Studio Version 16
VisualStudioVersion = 16.0.31229.75
MinimumVisualStudioVersion = 10.0.40219.1
Project("{FAE04EC0-301F-11D3-BF4B-00C04F79EFBC}") = "Exercise8", "Exercise8.csproj", "{FFE66670-DC2D-4CD4-A898-0CB59770B912}"
EndProject
Project("{FAE04EC0-301F-11D3-BF4B-00C04F79EFBC}") = "Exercise8.Tests", "..\Exercise8.Tests\Exercise8.Tests.csproj", "{2D83A99D-FD8B-4FF9-BD31-BC2DB16A84D1}"
EndProject
Global
	GlobalSection(SolutionConfigurationPlatforms) = preSolution
		Debug|Any CPU = Debug|Any CPU
		Release|Any CPU = Release|Any CPU
	EndGlobalSection
	GlobalSection(ProjectConfigurationPlatforms) = postSolution
		{FFE66670-DC2D-4CD4-A898-0CB59770B912}.Debug|Any CPU.ActiveCfg = Debug|Any CPU
		{FFE66670-DC2D-4CD4-A898-0CB59770B912}.Debug|Any CPU.Build.0 = Debug|Any CPU
		{FFE66670-DC2D-4CD4-A898-0CB59770B912}.Release|Any CPU.ActiveCfg = Release|Any CPU
		{FFE66670-DC2D-4CD4-A898-0CB59770B912}.Release|Any CPU.Build.0 = Release|Any CPU
		{2D83A99D-FD8B-4FF9-BD31-BC2DB16A84D1}.Debug|Any CPU.ActiveCfg = Debug|Any CPU
		{2D83A99D-FD8B-4FF9-BD31-BC2DB16A84D1}.Debug|Any CPU.Build.0 = Debug|Any CPU
		{2D83A99D-FD8B-4FF9-BD31-BC2DB16A84D1}.Release|Any CPU.ActiveCfg = Release|Any CPU
		{2D83A99D-FD8B-4FF9-BD31-BC2DB16A84D1}.Release|Any CPU.Build.0 = Release|Any CPU
	EndGlobalSection
	GlobalSection(SolutionProperties) = preSolution
		HideSolutionNode = FALSE
	EndGlobalSection
	GlobalSection(ExtensibilityGlobals) = postSolution
		SolutionGuid = {CA28608E-1FE7-4CD2-A3F1-AF4999206C61}
	EndGlobalSection
EndGlobal
