
Microsoft Visual Studio Solution File, Format Version 12.00
# Visual Studio Version 16
VisualStudioVersion = 16.0.31229.75
MinimumVisualStudioVersion = 10.0.40219.1
Project("{FAE04EC0-301F-11D3-BF4B-00C04F79EFBC}") = "Exercise7", "Exercise7.csproj", "{77BFB53A-1A78-47C4-8484-8F31ABEA4B76}"
EndProject
Project("{FAE04EC0-301F-11D3-BF4B-00C04F79EFBC}") = "Exercise7.Tests", "..\Exercise7.Tests\Exercise7.Tests.csproj", "{4693C0C1-BC85-4B79-8542-6050BF8D6267}"
EndProject
Global
	GlobalSection(SolutionConfigurationPlatforms) = preSolution
		Debug|Any CPU = Debug|Any CPU
		Release|Any CPU = Release|Any CPU
	EndGlobalSection
	GlobalSection(ProjectConfigurationPlatforms) = postSolution
		{77BFB53A-1A78-47C4-8484-8F31ABEA4B76}.Debug|Any CPU.ActiveCfg = Debug|Any CPU
		{77BFB53A-1A78-47C4-8484-8F31ABEA4B76}.Debug|Any CPU.Build.0 = Debug|Any CPU
		{77BFB53A-1A78-47C4-8484-8F31ABEA4B76}.Release|Any CPU.ActiveCfg = Release|Any CPU
		{77BFB53A-1A78-47C4-8484-8F31ABEA4B76}.Release|Any CPU.Build.0 = Release|Any CPU
		{4693C0C1-BC85-4B79-8542-6050BF8D6267}.Debug|Any CPU.ActiveCfg = Debug|Any CPU
		{4693C0C1-BC85-4B79-8542-6050BF8D6267}.Debug|Any CPU.Build.0 = Debug|Any CPU
		{4693C0C1-BC85-4B79-8542-6050BF8D6267}.Release|Any CPU.ActiveCfg = Release|Any CPU
		{4693C0C1-BC85-4B79-8542-6050BF8D6267}.Release|Any CPU.Build.0 = Release|Any CPU
	EndGlobalSection
	GlobalSection(SolutionProperties) = preSolution
		HideSolutionNode = FALSE
	EndGlobalSection
	GlobalSection(ExtensibilityGlobals) = postSolution
		SolutionGuid = {5600FEC7-197D-444D-84BD-1ADE75BF82A0}
	EndGlobalSection
EndGlobal
