
Microsoft Visual Studio Solution File, Format Version 12.00
# Visual Studio Version 16
VisualStudioVersion = 16.0.31229.75
MinimumVisualStudioVersion = 10.0.40219.1
Project("{FAE04EC0-301F-11D3-BF4B-00C04F79EFBC}") = "Exercise8", "Exercise8.csproj", "{D9D4B461-AFA2-44FE-AECB-04E8B8CF1526}"
EndProject
Project("{FAE04EC0-301F-11D3-BF4B-00C04F79EFBC}") = "Exercise8.Tests", "..\Exercise8.Tests\Exercise8.Tests.csproj", "{F2353EED-959A-4B27-8F89-595EE7B6FBB4}"
EndProject
Global
	GlobalSection(SolutionConfigurationPlatforms) = preSolution
		Debug|Any CPU = Debug|Any CPU
		Release|Any CPU = Release|Any CPU
	EndGlobalSection
	GlobalSection(ProjectConfigurationPlatforms) = postSolution
		{D9D4B461-AFA2-44FE-AECB-04E8B8CF1526}.Debug|Any CPU.ActiveCfg = Debug|Any CPU
		{D9D4B461-AFA2-44FE-AECB-04E8B8CF1526}.Debug|Any CPU.Build.0 = Debug|Any CPU
		{D9D4B461-AFA2-44FE-AECB-04E8B8CF1526}.Release|Any CPU.ActiveCfg = Release|Any CPU
		{D9D4B461-AFA2-44FE-AECB-04E8B8CF1526}.Release|Any CPU.Build.0 = Release|Any CPU
		{F2353EED-959A-4B27-8F89-595EE7B6FBB4}.Debug|Any CPU.ActiveCfg = Debug|Any CPU
		{F2353EED-959A-4B27-8F89-595EE7B6FBB4}.Debug|Any CPU.Build.0 = Debug|Any CPU
		{F2353EED-959A-4B27-8F89-595EE7B6FBB4}.Release|Any CPU.ActiveCfg = Release|Any CPU
		{F2353EED-959A-4B27-8F89-595EE7B6FBB4}.Release|Any CPU.Build.0 = Release|Any CPU
	EndGlobalSection
	GlobalSection(SolutionProperties) = preSolution
		HideSolutionNode = FALSE
	EndGlobalSection
	GlobalSection(ExtensibilityGlobals) = postSolution
		SolutionGuid = {F7919235-C106-477B-AA9F-9DED25B110B8}
	EndGlobalSection
EndGlobal
