
Microsoft Visual Studio Solution File, Format Version 12.00
# Visual Studio Version 16
VisualStudioVersion = 16.0.31229.75
MinimumVisualStudioVersion = 10.0.40219.1
Project("{FAE04EC0-301F-11D3-BF4B-00C04F79EFBC}") = "Exercise5", "Exercise5.csproj", "{A246BAD7-8E40-472E-BBA4-5063695AE4A9}"
EndProject
Project("{FAE04EC0-301F-11D3-BF4B-00C04F79EFBC}") = "Exercise5.Tests", "..\Exercise5.Tests\Exercise5.Tests.csproj", "{5C9D93A9-9673-4AB8-9A84-7117C0A28B53}"
EndProject
Global
	GlobalSection(SolutionConfigurationPlatforms) = preSolution
		Debug|Any CPU = Debug|Any CPU
		Release|Any CPU = Release|Any CPU
	EndGlobalSection
	GlobalSection(ProjectConfigurationPlatforms) = postSolution
		{A246BAD7-8E40-472E-BBA4-5063695AE4A9}.Debug|Any CPU.ActiveCfg = Debug|Any CPU
		{A246BAD7-8E40-472E-BBA4-5063695AE4A9}.Debug|Any CPU.Build.0 = Debug|Any CPU
		{A246BAD7-8E40-472E-BBA4-5063695AE4A9}.Release|Any CPU.ActiveCfg = Release|Any CPU
		{A246BAD7-8E40-472E-BBA4-5063695AE4A9}.Release|Any CPU.Build.0 = Release|Any CPU
		{5C9D93A9-9673-4AB8-9A84-7117C0A28B53}.Debug|Any CPU.ActiveCfg = Debug|Any CPU
		{5C9D93A9-9673-4AB8-9A84-7117C0A28B53}.Debug|Any CPU.Build.0 = Debug|Any CPU
		{5C9D93A9-9673-4AB8-9A84-7117C0A28B53}.Release|Any CPU.ActiveCfg = Release|Any CPU
		{5C9D93A9-9673-4AB8-9A84-7117C0A28B53}.Release|Any CPU.Build.0 = Release|Any CPU
	EndGlobalSection
	GlobalSection(SolutionProperties) = preSolution
		HideSolutionNode = FALSE
	EndGlobalSection
	GlobalSection(ExtensibilityGlobals) = postSolution
		SolutionGuid = {7C738611-0CE4-4CB4-BEE0-7A17418EA66D}
	EndGlobalSection
EndGlobal
